{
  "markbot": "f8a7d0c1903a7926aea715606204627e32546cc89e0ed1ad4e67c085d27d667f",
  "index.html": "82ca0e04741a369b4c57721a6b783ef02f72a78ca42cbd3a7eb69584a049f21d",
  "css/modules.css": "d086236ca3c5ab95fba8817e26280dd98612e4465caea807abe6a1efd0a539d3",
  "index-960.png": "f03ba8a96887f21f1599541e446a2aefdbd2a0f66b40beb07cac713c030b352e"
}