{
  "markbot": "8baee0c79febf11c4d32dafb1ce94045dccb383e9cd9f17171e575277cdf4643",
  "markbotignore": "030a4e6e1b3b6b510514a7ae54576e2c2ef762d56236c6414ef634955d96a126",
  "index.html": "82ca0e04741a369b4c57721a6b783ef02f72a78ca42cbd3a7eb69584a049f21d",
  "css/modules.css": "d086236ca3c5ab95fba8817e26280dd98612e4465caea807abe6a1efd0a539d3",
  "index-960.png": "f03ba8a96887f21f1599541e446a2aefdbd2a0f66b40beb07cac713c030b352e"
}